FORGE
  remote: http://forge.puppetlabs.com
  specs:
    jfryman/nginx (0.0.7)
      puppetlabs/apt (>= 1.0.0)
      puppetlabs/concat (>= 1.0.0)
      puppetlabs/stdlib (>= 0.1.6)
    puppetlabs/apt (1.4.0)
      puppetlabs/stdlib (>= 2.2.1)
    puppetlabs/concat (1.0.0-rc1)
    puppetlabs/stdlib (4.1.0)

GIT
  remote: git://github.com/garethr/garethr-docker.git
  ref: master
  sha: 6ba3857a225f8d86333303dc6252accbb10ddf67
  specs:
    docker (0.10.1)
      puppetlabs/apt (>= 1.1.0)
      puppetlabs/stdlib (>= 4.1.0)

GIT
  remote: git://github.com/mstrauss/puppet-editfile.git
  ref: master
  sha: 884efdc0997af667f24625e696630e6b1db5a952
  specs:
    editfile (0.0.1)

GIT
  remote: git://github.com/narkisr/puppet-openssl.git
  ref: master
  sha: f5febc56299d2e371bc053ca73ea637fe0460cd2
  specs:
    openssl (0.1.0)
      puppetlabs/stdlib (>= 2.0.0)

DEPENDENCIES
  docker (>= 0)
  editfile (>= 0)
  jfryman/nginx (>= 0)
  openssl (>= 0)
  puppetlabs/apt (>= 0)
  puppetlabs/stdlib (>= 0)

